
Microsoft Visual Studio Solution File, Format Version 11.00
# Visual Studio 2010
Project("{FAE04EC0-301F-11D3-BF4B-00C04F79EFBC}") = "Assembly-CSharp", "Assembly-CSharp.csproj", "{c8d546b6-fb63-ca68-0bc3-0db01797ab4d}"
EndProject
Project("{FAE04EC0-301F-11D3-BF4B-00C04F79EFBC}") = "Assembly-CSharp-Editor-firstpass", "Assembly-CSharp-Editor-firstpass.csproj", "{e3a5d805-521f-7018-97ad-8262f743ef37}"
EndProject
Global
	GlobalSection(SolutionConfigurationPlatforms) = preSolution
		Debug|Any CPU = Debug|Any CPU
		Release|Any CPU = Release|Any CPU
	EndGlobalSection
	GlobalSection(ProjectConfigurationPlatforms) = postSolution
		{c8d546b6-fb63-ca68-0bc3-0db01797ab4d}.Debug|Any CPU.ActiveCfg = Debug|Any CPU
		{c8d546b6-fb63-ca68-0bc3-0db01797ab4d}.Debug|Any CPU.Build.0 = Debug|Any CPU
		{c8d546b6-fb63-ca68-0bc3-0db01797ab4d}.Release|Any CPU.ActiveCfg = Release|Any CPU
		{c8d546b6-fb63-ca68-0bc3-0db01797ab4d}.Release|Any CPU.Build.0 = Release|Any CPU
		{e3a5d805-521f-7018-97ad-8262f743ef37}.Debug|Any CPU.ActiveCfg = Debug|Any CPU
		{e3a5d805-521f-7018-97ad-8262f743ef37}.Debug|Any CPU.Build.0 = Debug|Any CPU
		{e3a5d805-521f-7018-97ad-8262f743ef37}.Release|Any CPU.ActiveCfg = Release|Any CPU
		{e3a5d805-521f-7018-97ad-8262f743ef37}.Release|Any CPU.Build.0 = Release|Any CPU
	EndGlobalSection
	GlobalSection(SolutionProperties) = preSolution
		HideSolutionNode = FALSE
	EndGlobalSection
EndGlobal
